
Microsoft Visual Studio Solution File, Format Version 12.00
Project("{FAE04EC0-301F-11D3-BF4B-00C04F79EFBC}") = "MajongMatch", "MajongMatch\MajongMatch.csproj", "{6AA7F35B-6D29-4E83-B16F-796AD46972C1}"
EndProject
Project("{FAE04EC0-301F-11D3-BF4B-00C04F79EFBC}") = "SoluCore", "SoluCore\SoluCore.csproj", "{55BD4AC7-CA8D-4C64-91C6-7420F9C508E5}"
EndProject
Project("{FAE04EC0-301F-11D3-BF4B-00C04F79EFBC}") = "Sudoku", "Sudoku\Sudoku.csproj", "{55363EF4-E330-467F-970E-DE448238C529}"
EndProject
Global
	GlobalSection(SolutionConfigurationPlatforms) = preSolution
		Debug|Any CPU = Debug|Any CPU
		Release|Any CPU = Release|Any CPU
	EndGlobalSection
	GlobalSection(ProjectConfigurationPlatforms) = postSolution
		{6AA7F35B-6D29-4E83-B16F-796AD46972C1}.Debug|Any CPU.ActiveCfg = Debug|Any CPU
		{6AA7F35B-6D29-4E83-B16F-796AD46972C1}.Debug|Any CPU.Build.0 = Debug|Any CPU
		{6AA7F35B-6D29-4E83-B16F-796AD46972C1}.Release|Any CPU.ActiveCfg = Release|Any CPU
		{6AA7F35B-6D29-4E83-B16F-796AD46972C1}.Release|Any CPU.Build.0 = Release|Any CPU
		{55BD4AC7-CA8D-4C64-91C6-7420F9C508E5}.Debug|Any CPU.ActiveCfg = Debug|Any CPU
		{55BD4AC7-CA8D-4C64-91C6-7420F9C508E5}.Debug|Any CPU.Build.0 = Debug|Any CPU
		{55BD4AC7-CA8D-4C64-91C6-7420F9C508E5}.Release|Any CPU.ActiveCfg = Release|Any CPU
		{55BD4AC7-CA8D-4C64-91C6-7420F9C508E5}.Release|Any CPU.Build.0 = Release|Any CPU
		{55363EF4-E330-467F-970E-DE448238C529}.Debug|Any CPU.ActiveCfg = Debug|Any CPU
		{55363EF4-E330-467F-970E-DE448238C529}.Debug|Any CPU.Build.0 = Debug|Any CPU
		{55363EF4-E330-467F-970E-DE448238C529}.Release|Any CPU.ActiveCfg = Release|Any CPU
		{55363EF4-E330-467F-970E-DE448238C529}.Release|Any CPU.Build.0 = Release|Any CPU
	EndGlobalSection
EndGlobal
